
Microsoft Visual Studio Solution File, Format Version 12.00
# Visual Studio Version 17
VisualStudioVersion = 17.3.32929.385
MinimumVisualStudioVersion = 10.0.40219.1
Project("{8BC9CEB8-8B4A-11D0-8D11-00A0C91BC942}") = "02-变量", "02-变量\02-变量.vcxproj", "{6115133B-83AE-4D96-9313-EE619BFD705C}"
EndProject
Project("{8BC9CEB8-8B4A-11D0-8D11-00A0C91BC942}") = "03-常量", "03-常量\03-常量.vcxproj", "{1CA01BCC-B1AB-4869-9450-AB0CB6E7EF4C}"
EndProject
Project("{8BC9CEB8-8B4A-11D0-8D11-00A0C91BC942}") = "04-sizeof关键字", "04-sizeof关键字\04-sizeof关键字.vcxproj", "{E35BA1E0-6314-41FC-A2F3-BA9C18405B0D}"
EndProject
Project("{8BC9CEB8-8B4A-11D0-8D11-00A0C91BC942}") = "05-实型（浮点型）", "05-实型（浮点型）\05-实型（浮点型）.vcxproj", "{BFA24169-CC27-412E-8971-ADDEE8649C34}"
EndProject
Project("{8BC9CEB8-8B4A-11D0-8D11-00A0C91BC942}") = "06-字符型", "06-字符型\06-字符型.vcxproj", "{F22A2D10-763C-47AF-8E20-174D9D59BB19}"
EndProject
Project("{8BC9CEB8-8B4A-11D0-8D11-00A0C91BC942}") = "07-字符串型", "07-字符串型\07-字符串型.vcxproj", "{3FF220E3-44E4-4E79-A686-CAA9B7C4BADA}"
EndProject
Project("{8BC9CEB8-8B4A-11D0-8D11-00A0C91BC942}") = "08-布尔类型", "08-布尔类型\08-布尔类型.vcxproj", "{957D3258-1FC2-40AE-9A77-938F81A2504C}"
EndProject
Project("{8BC9CEB8-8B4A-11D0-8D11-00A0C91BC942}") = "09-数据的输入", "09-数据的输入\09-数据的输入.vcxproj", "{484CDA4A-D705-4931-8C13-EEA5A6D6BD43}"
EndProject
Project("{8BC9CEB8-8B4A-11D0-8D11-00A0C91BC942}") = "10-算术运算符", "10-算术运算符\10-算术运算符.vcxproj", "{0E4288F1-95E3-4DF9-8DF9-EC18FD3BBD81}"
EndProject
Project("{8BC9CEB8-8B4A-11D0-8D11-00A0C91BC942}") = "11-赋值运算符", "11-赋值运算符\11-赋值运算符.vcxproj", "{88F3053D-F71D-409B-8C39-FFFE9E0AEBD0}"
EndProject
Project("{8BC9CEB8-8B4A-11D0-8D11-00A0C91BC942}") = "12-比较运算符", "12-比较运算符\12-比较运算符.vcxproj", "{D704EE2F-47BC-4A21-969B-476145C0CF6E}"
EndProject
Project("{8BC9CEB8-8B4A-11D0-8D11-00A0C91BC942}") = "13-逻辑运算符", "13-逻辑运算符\13-逻辑运算符.vcxproj", "{2786ECD8-B3FB-497D-8458-2082CECA776F}"
EndProject
Project("{8BC9CEB8-8B4A-11D0-8D11-00A0C91BC942}") = "14-if选择语句", "14-if选择语句\14-if选择语句.vcxproj", "{D1C32847-6BC4-46F0-BE60-58006A41D931}"
EndProject
Project("{8BC9CEB8-8B4A-11D0-8D11-00A0C91BC942}") = "15-嵌套if语句", "15-嵌套if语句\15-嵌套if语句.vcxproj", "{8DE246AF-9405-4DB0-B66E-A0F4461DAA09}"
EndProject
Project("{8BC9CEB8-8B4A-11D0-8D11-00A0C91BC942}") = "16-三目运算符", "16-三目运算符\16-三目运算符.vcxproj", "{B698A241-35E7-42F4-9515-DC8A93E6EA3B}"
EndProject
Project("{8BC9CEB8-8B4A-11D0-8D11-00A0C91BC942}") = "17-switch选择语句", "17-switch选择语句\17-switch选择语句.vcxproj", "{3EC0BCAB-B58E-4D76-9509-269DACE09674}"
EndProject
Project("{8BC9CEB8-8B4A-11D0-8D11-00A0C91BC942}") = "18-while循环语句", "18-while循环语句\18-while循环语句.vcxproj", "{073EEE18-BEEC-462C-86BB-B5772B4CFE01}"
EndProject
Project("{8BC9CEB8-8B4A-11D0-8D11-00A0C91BC942}") = "19-do-while循环语句", "19-do-while循环语句\19-do-while循环语句.vcxproj", "{11FFBC65-1AC7-43D2-9B24-0D96FAD49218}"
EndProject
Project("{8BC9CEB8-8B4A-11D0-8D11-00A0C91BC942}") = "20-for循环语句", "20-for循环语句\20-for循环语句.vcxproj", "{C757ECA1-5B35-4D3F-A751-05076C6285B1}"
EndProject
Project("{8BC9CEB8-8B4A-11D0-8D11-00A0C91BC942}") = "21-嵌套循环", "21-嵌套循环\21-嵌套循环.vcxproj", "{C81AC1BF-9051-4DFA-9BBA-3F4688E37CE8}"
EndProject
Project("{8BC9CEB8-8B4A-11D0-8D11-00A0C91BC942}") = "22-break语句", "22-break语句\22-break语句.vcxproj", "{7C305917-AF89-434D-8B21-7A3D2EAD2B76}"
EndProject
Project("{8BC9CEB8-8B4A-11D0-8D11-00A0C91BC942}") = "23-continue语句", "23-continue语句\23-continue语句.vcxproj", "{ED29EA7A-FCE3-4C8F-A9C4-EADAFAB449A8}"
EndProject
Project("{8BC9CEB8-8B4A-11D0-8D11-00A0C91BC942}") = "24-goto语句", "24-goto语句\24-goto语句.vcxproj", "{22AD494F-4878-4FB9-B20A-017E1614A89F}"
EndProject
Project("{8BC9CEB8-8B4A-11D0-8D11-00A0C91BC942}") = "25-一维数组", "25-一维数组\25-一维数组.vcxproj", "{DF052C21-9701-44C6-83CB-F8657CB1B0D8}"
EndProject
Project("{8BC9CEB8-8B4A-11D0-8D11-00A0C91BC942}") = "26-一维数组数组名", "26-一维数组数组名\26-一维数组数组名.vcxproj", "{ECC6EA86-FEA4-4479-A801-D8E9D32B6E05}"
EndProject
Project("{8BC9CEB8-8B4A-11D0-8D11-00A0C91BC942}") = "27-冒泡排序", "27-冒泡排序\27-冒泡排序.vcxproj", "{0D54FC8F-16FB-4364-8343-38830EF1E56D}"
EndProject
Project("{8BC9CEB8-8B4A-11D0-8D11-00A0C91BC942}") = "28-二维数组", "28-二维数组\28-二维数组.vcxproj", "{B645CB1B-D17B-4C50-B20F-BD8B4EFF25A7}"
EndProject
Global
	GlobalSection(SolutionConfigurationPlatforms) = preSolution
		Debug|x64 = Debug|x64
		Debug|x86 = Debug|x86
		Release|x64 = Release|x64
		Release|x86 = Release|x86
	EndGlobalSection
	GlobalSection(ProjectConfigurationPlatforms) = postSolution
		{6115133B-83AE-4D96-9313-EE619BFD705C}.Debug|x64.ActiveCfg = Debug|x64
		{6115133B-83AE-4D96-9313-EE619BFD705C}.Debug|x64.Build.0 = Debug|x64
		{6115133B-83AE-4D96-9313-EE619BFD705C}.Debug|x86.ActiveCfg = Debug|Win32
		{6115133B-83AE-4D96-9313-EE619BFD705C}.Debug|x86.Build.0 = Debug|Win32
		{6115133B-83AE-4D96-9313-EE619BFD705C}.Release|x64.ActiveCfg = Release|x64
		{6115133B-83AE-4D96-9313-EE619BFD705C}.Release|x64.Build.0 = Release|x64
		{6115133B-83AE-4D96-9313-EE619BFD705C}.Release|x86.ActiveCfg = Release|Win32
		{6115133B-83AE-4D96-9313-EE619BFD705C}.Release|x86.Build.0 = Release|Win32
		{1CA01BCC-B1AB-4869-9450-AB0CB6E7EF4C}.Debug|x64.ActiveCfg = Debug|x64
		{1CA01BCC-B1AB-4869-9450-AB0CB6E7EF4C}.Debug|x64.Build.0 = Debug|x64
		{1CA01BCC-B1AB-4869-9450-AB0CB6E7EF4C}.Debug|x86.ActiveCfg = Debug|Win32
		{1CA01BCC-B1AB-4869-9450-AB0CB6E7EF4C}.Debug|x86.Build.0 = Debug|Win32
		{1CA01BCC-B1AB-4869-9450-AB0CB6E7EF4C}.Release|x64.ActiveCfg = Release|x64
		{1CA01BCC-B1AB-4869-9450-AB0CB6E7EF4C}.Release|x64.Build.0 = Release|x64
		{1CA01BCC-B1AB-4869-9450-AB0CB6E7EF4C}.Release|x86.ActiveCfg = Release|Win32
		{1CA01BCC-B1AB-4869-9450-AB0CB6E7EF4C}.Release|x86.Build.0 = Release|Win32
		{E35BA1E0-6314-41FC-A2F3-BA9C18405B0D}.Debug|x64.ActiveCfg = Debug|x64
		{E35BA1E0-6314-41FC-A2F3-BA9C18405B0D}.Debug|x64.Build.0 = Debug|x64
		{E35BA1E0-6314-41FC-A2F3-BA9C18405B0D}.Debug|x86.ActiveCfg = Debug|Win32
		{E35BA1E0-6314-41FC-A2F3-BA9C18405B0D}.Debug|x86.Build.0 = Debug|Win32
		{E35BA1E0-6314-41FC-A2F3-BA9C18405B0D}.Release|x64.ActiveCfg = Release|x64
		{E35BA1E0-6314-41FC-A2F3-BA9C18405B0D}.Release|x64.Build.0 = Release|x64
		{E35BA1E0-6314-41FC-A2F3-BA9C18405B0D}.Release|x86.ActiveCfg = Release|Win32
		{E35BA1E0-6314-41FC-A2F3-BA9C18405B0D}.Release|x86.Build.0 = Release|Win32
		{BFA24169-CC27-412E-8971-ADDEE8649C34}.Debug|x64.ActiveCfg = Debug|x64
		{BFA24169-CC27-412E-8971-ADDEE8649C34}.Debug|x64.Build.0 = Debug|x64
		{BFA24169-CC27-412E-8971-ADDEE8649C34}.Debug|x86.ActiveCfg = Debug|Win32
		{BFA24169-CC27-412E-8971-ADDEE8649C34}.Debug|x86.Build.0 = Debug|Win32
		{BFA24169-CC27-412E-8971-ADDEE8649C34}.Release|x64.ActiveCfg = Release|x64
		{BFA24169-CC27-412E-8971-ADDEE8649C34}.Release|x64.Build.0 = Release|x64
		{BFA24169-CC27-412E-8971-ADDEE8649C34}.Release|x86.ActiveCfg = Release|Win32
		{BFA24169-CC27-412E-8971-ADDEE8649C34}.Release|x86.Build.0 = Release|Win32
		{F22A2D10-763C-47AF-8E20-174D9D59BB19}.Debug|x64.ActiveCfg = Debug|x64
		{F22A2D10-763C-47AF-8E20-174D9D59BB19}.Debug|x64.Build.0 = Debug|x64
		{F22A2D10-763C-47AF-8E20-174D9D59BB19}.Debug|x86.ActiveCfg = Debug|Win32
		{F22A2D10-763C-47AF-8E20-174D9D59BB19}.Debug|x86.Build.0 = Debug|Win32
		{F22A2D10-763C-47AF-8E20-174D9D59BB19}.Release|x64.ActiveCfg = Release|x64
		{F22A2D10-763C-47AF-8E20-174D9D59BB19}.Release|x64.Build.0 = Release|x64
		{F22A2D10-763C-47AF-8E20-174D9D59BB19}.Release|x86.ActiveCfg = Release|Win32
		{F22A2D10-763C-47AF-8E20-174D9D59BB19}.Release|x86.Build.0 = Release|Win32
		{3FF220E3-44E4-4E79-A686-CAA9B7C4BADA}.Debug|x64.ActiveCfg = Debug|x64
		{3FF220E3-44E4-4E79-A686-CAA9B7C4BADA}.Debug|x64.Build.0 = Debug|x64
		{3FF220E3-44E4-4E79-A686-CAA9B7C4BADA}.Debug|x86.ActiveCfg = Debug|Win32
		{3FF220E3-44E4-4E79-A686-CAA9B7C4BADA}.Debug|x86.Build.0 = Debug|Win32
		{3FF220E3-44E4-4E79-A686-CAA9B7C4BADA}.Release|x64.ActiveCfg = Release|x64
		{3FF220E3-44E4-4E79-A686-CAA9B7C4BADA}.Release|x64.Build.0 = Release|x64
		{3FF220E3-44E4-4E79-A686-CAA9B7C4BADA}.Release|x86.ActiveCfg = Release|Win32
		{3FF220E3-44E4-4E79-A686-CAA9B7C4BADA}.Release|x86.Build.0 = Release|Win32
		{957D3258-1FC2-40AE-9A77-938F81A2504C}.Debug|x64.ActiveCfg = Debug|x64
		{957D3258-1FC2-40AE-9A77-938F81A2504C}.Debug|x64.Build.0 = Debug|x64
		{957D3258-1FC2-40AE-9A77-938F81A2504C}.Debug|x86.ActiveCfg = Debug|Win32
		{957D3258-1FC2-40AE-9A77-938F81A2504C}.Debug|x86.Build.0 = Debug|Win32
		{957D3258-1FC2-40AE-9A77-938F81A2504C}.Release|x64.ActiveCfg = Release|x64
		{957D3258-1FC2-40AE-9A77-938F81A2504C}.Release|x64.Build.0 = Release|x64
		{957D3258-1FC2-40AE-9A77-938F81A2504C}.Release|x86.ActiveCfg = Release|Win32
		{957D3258-1FC2-40AE-9A77-938F81A2504C}.Release|x86.Build.0 = Release|Win32
		{484CDA4A-D705-4931-8C13-EEA5A6D6BD43}.Debug|x64.ActiveCfg = Debug|x64
		{484CDA4A-D705-4931-8C13-EEA5A6D6BD43}.Debug|x64.Build.0 = Debug|x64
		{484CDA4A-D705-4931-8C13-EEA5A6D6BD43}.Debug|x86.ActiveCfg = Debug|Win32
		{484CDA4A-D705-4931-8C13-EEA5A6D6BD43}.Debug|x86.Build.0 = Debug|Win32
		{484CDA4A-D705-4931-8C13-EEA5A6D6BD43}.Release|x64.ActiveCfg = Release|x64
		{484CDA4A-D705-4931-8C13-EEA5A6D6BD43}.Release|x64.Build.0 = Release|x64
		{484CDA4A-D705-4931-8C13-EEA5A6D6BD43}.Release|x86.ActiveCfg = Release|Win32
		{484CDA4A-D705-4931-8C13-EEA5A6D6BD43}.Release|x86.Build.0 = Release|Win32
		{0E4288F1-95E3-4DF9-8DF9-EC18FD3BBD81}.Debug|x64.ActiveCfg = Debug|x64
		{0E4288F1-95E3-4DF9-8DF9-EC18FD3BBD81}.Debug|x64.Build.0 = Debug|x64
		{0E4288F1-95E3-4DF9-8DF9-EC18FD3BBD81}.Debug|x86.ActiveCfg = Debug|Win32
		{0E4288F1-95E3-4DF9-8DF9-EC18FD3BBD81}.Debug|x86.Build.0 = Debug|Win32
		{0E4288F1-95E3-4DF9-8DF9-EC18FD3BBD81}.Release|x64.ActiveCfg = Release|x64
		{0E4288F1-95E3-4DF9-8DF9-EC18FD3BBD81}.Release|x64.Build.0 = Release|x64
		{0E4288F1-95E3-4DF9-8DF9-EC18FD3BBD81}.Release|x86.ActiveCfg = Release|Win32
		{0E4288F1-95E3-4DF9-8DF9-EC18FD3BBD81}.Release|x86.Build.0 = Release|Win32
		{88F3053D-F71D-409B-8C39-FFFE9E0AEBD0}.Debug|x64.ActiveCfg = Debug|x64
		{88F3053D-F71D-409B-8C39-FFFE9E0AEBD0}.Debug|x64.Build.0 = Debug|x64
		{88F3053D-F71D-409B-8C39-FFFE9E0AEBD0}.Debug|x86.ActiveCfg = Debug|Win32
		{88F3053D-F71D-409B-8C39-FFFE9E0AEBD0}.Debug|x86.Build.0 = Debug|Win32
		{88F3053D-F71D-409B-8C39-FFFE9E0AEBD0}.Release|x64.ActiveCfg = Release|x64
		{88F3053D-F71D-409B-8C39-FFFE9E0AEBD0}.Release|x64.Build.0 = Release|x64
		{88F3053D-F71D-409B-8C39-FFFE9E0AEBD0}.Release|x86.ActiveCfg = Release|Win32
		{88F3053D-F71D-409B-8C39-FFFE9E0AEBD0}.Release|x86.Build.0 = Release|Win32
		{D704EE2F-47BC-4A21-969B-476145C0CF6E}.Debug|x64.ActiveCfg = Debug|x64
		{D704EE2F-47BC-4A21-969B-476145C0CF6E}.Debug|x64.Build.0 = Debug|x64
		{D704EE2F-47BC-4A21-969B-476145C0CF6E}.Debug|x86.ActiveCfg = Debug|Win32
		{D704EE2F-47BC-4A21-969B-476145C0CF6E}.Debug|x86.Build.0 = Debug|Win32
		{D704EE2F-47BC-4A21-969B-476145C0CF6E}.Release|x64.ActiveCfg = Release|x64
		{D704EE2F-47BC-4A21-969B-476145C0CF6E}.Release|x64.Build.0 = Release|x64
		{D704EE2F-47BC-4A21-969B-476145C0CF6E}.Release|x86.ActiveCfg = Release|Win32
		{D704EE2F-47BC-4A21-969B-476145C0CF6E}.Release|x86.Build.0 = Release|Win32
		{2786ECD8-B3FB-497D-8458-2082CECA776F}.Debug|x64.ActiveCfg = Debug|x64
		{2786ECD8-B3FB-497D-8458-2082CECA776F}.Debug|x64.Build.0 = Debug|x64
		{2786ECD8-B3FB-497D-8458-2082CECA776F}.Debug|x86.ActiveCfg = Debug|Win32
		{2786ECD8-B3FB-497D-8458-2082CECA776F}.Debug|x86.Build.0 = Debug|Win32
		{2786ECD8-B3FB-497D-8458-2082CECA776F}.Release|x64.ActiveCfg = Release|x64
		{2786ECD8-B3FB-497D-8458-2082CECA776F}.Release|x64.Build.0 = Release|x64
		{2786ECD8-B3FB-497D-8458-2082CECA776F}.Release|x86.ActiveCfg = Release|Win32
		{2786ECD8-B3FB-497D-8458-2082CECA776F}.Release|x86.Build.0 = Release|Win32
		{D1C32847-6BC4-46F0-BE60-58006A41D931}.Debug|x64.ActiveCfg = Debug|x64
		{D1C32847-6BC4-46F0-BE60-58006A41D931}.Debug|x64.Build.0 = Debug|x64
		{D1C32847-6BC4-46F0-BE60-58006A41D931}.Debug|x86.ActiveCfg = Debug|Win32
		{D1C32847-6BC4-46F0-BE60-58006A41D931}.Debug|x86.Build.0 = Debug|Win32
		{D1C32847-6BC4-46F0-BE60-58006A41D931}.Release|x64.ActiveCfg = Release|x64
		{D1C32847-6BC4-46F0-BE60-58006A41D931}.Release|x64.Build.0 = Release|x64
		{D1C32847-6BC4-46F0-BE60-58006A41D931}.Release|x86.ActiveCfg = Release|Win32
		{D1C32847-6BC4-46F0-BE60-58006A41D931}.Release|x86.Build.0 = Release|Win32
		{8DE246AF-9405-4DB0-B66E-A0F4461DAA09}.Debug|x64.ActiveCfg = Debug|x64
		{8DE246AF-9405-4DB0-B66E-A0F4461DAA09}.Debug|x64.Build.0 = Debug|x64
		{8DE246AF-9405-4DB0-B66E-A0F4461DAA09}.Debug|x86.ActiveCfg = Debug|Win32
		{8DE246AF-9405-4DB0-B66E-A0F4461DAA09}.Debug|x86.Build.0 = Debug|Win32
		{8DE246AF-9405-4DB0-B66E-A0F4461DAA09}.Release|x64.ActiveCfg = Release|x64
		{8DE246AF-9405-4DB0-B66E-A0F4461DAA09}.Release|x64.Build.0 = Release|x64
		{8DE246AF-9405-4DB0-B66E-A0F4461DAA09}.Release|x86.ActiveCfg = Release|Win32
		{8DE246AF-9405-4DB0-B66E-A0F4461DAA09}.Release|x86.Build.0 = Release|Win32
		{B698A241-35E7-42F4-9515-DC8A93E6EA3B}.Debug|x64.ActiveCfg = Debug|x64
		{B698A241-35E7-42F4-9515-DC8A93E6EA3B}.Debug|x64.Build.0 = Debug|x64
		{B698A241-35E7-42F4-9515-DC8A93E6EA3B}.Debug|x86.ActiveCfg = Debug|Win32
		{B698A241-35E7-42F4-9515-DC8A93E6EA3B}.Debug|x86.Build.0 = Debug|Win32
		{B698A241-35E7-42F4-9515-DC8A93E6EA3B}.Release|x64.ActiveCfg = Release|x64
		{B698A241-35E7-42F4-9515-DC8A93E6EA3B}.Release|x64.Build.0 = Release|x64
		{B698A241-35E7-42F4-9515-DC8A93E6EA3B}.Release|x86.ActiveCfg = Release|Win32
		{B698A241-35E7-42F4-9515-DC8A93E6EA3B}.Release|x86.Build.0 = Release|Win32
		{3EC0BCAB-B58E-4D76-9509-269DACE09674}.Debug|x64.ActiveCfg = Debug|x64
		{3EC0BCAB-B58E-4D76-9509-269DACE09674}.Debug|x64.Build.0 = Debug|x64
		{3EC0BCAB-B58E-4D76-9509-269DACE09674}.Debug|x86.ActiveCfg = Debug|Win32
		{3EC0BCAB-B58E-4D76-9509-269DACE09674}.Debug|x86.Build.0 = Debug|Win32
		{3EC0BCAB-B58E-4D76-9509-269DACE09674}.Release|x64.ActiveCfg = Release|x64
		{3EC0BCAB-B58E-4D76-9509-269DACE09674}.Release|x64.Build.0 = Release|x64
		{3EC0BCAB-B58E-4D76-9509-269DACE09674}.Release|x86.ActiveCfg = Release|Win32
		{3EC0BCAB-B58E-4D76-9509-269DACE09674}.Release|x86.Build.0 = Release|Win32
		{073EEE18-BEEC-462C-86BB-B5772B4CFE01}.Debug|x64.ActiveCfg = Debug|x64
		{073EEE18-BEEC-462C-86BB-B5772B4CFE01}.Debug|x64.Build.0 = Debug|x64
		{073EEE18-BEEC-462C-86BB-B5772B4CFE01}.Debug|x86.ActiveCfg = Debug|Win32
		{073EEE18-BEEC-462C-86BB-B5772B4CFE01}.Debug|x86.Build.0 = Debug|Win32
		{073EEE18-BEEC-462C-86BB-B5772B4CFE01}.Release|x64.ActiveCfg = Release|x64
		{073EEE18-BEEC-462C-86BB-B5772B4CFE01}.Release|x64.Build.0 = Release|x64
		{073EEE18-BEEC-462C-86BB-B5772B4CFE01}.Release|x86.ActiveCfg = Release|Win32
		{073EEE18-BEEC-462C-86BB-B5772B4CFE01}.Release|x86.Build.0 = Release|Win32
		{11FFBC65-1AC7-43D2-9B24-0D96FAD49218}.Debug|x64.ActiveCfg = Debug|x64
		{11FFBC65-1AC7-43D2-9B24-0D96FAD49218}.Debug|x64.Build.0 = Debug|x64
		{11FFBC65-1AC7-43D2-9B24-0D96FAD49218}.Debug|x86.ActiveCfg = Debug|Win32
		{11FFBC65-1AC7-43D2-9B24-0D96FAD49218}.Debug|x86.Build.0 = Debug|Win32
		{11FFBC65-1AC7-43D2-9B24-0D96FAD49218}.Release|x64.ActiveCfg = Release|x64
		{11FFBC65-1AC7-43D2-9B24-0D96FAD49218}.Release|x64.Build.0 = Release|x64
		{11FFBC65-1AC7-43D2-9B24-0D96FAD49218}.Release|x86.ActiveCfg = Release|Win32
		{11FFBC65-1AC7-43D2-9B24-0D96FAD49218}.Release|x86.Build.0 = Release|Win32
		{C757ECA1-5B35-4D3F-A751-05076C6285B1}.Debug|x64.ActiveCfg = Debug|x64
		{C757ECA1-5B35-4D3F-A751-05076C6285B1}.Debug|x64.Build.0 = Debug|x64
		{C757ECA1-5B35-4D3F-A751-05076C6285B1}.Debug|x86.ActiveCfg = Debug|Win32
		{C757ECA1-5B35-4D3F-A751-05076C6285B1}.Debug|x86.Build.0 = Debug|Win32
		{C757ECA1-5B35-4D3F-A751-05076C6285B1}.Release|x64.ActiveCfg = Release|x64
		{C757ECA1-5B35-4D3F-A751-05076C6285B1}.Release|x64.Build.0 = Release|x64
		{C757ECA1-5B35-4D3F-A751-05076C6285B1}.Release|x86.ActiveCfg = Release|Win32
		{C757ECA1-5B35-4D3F-A751-05076C6285B1}.Release|x86.Build.0 = Release|Win32
		{C81AC1BF-9051-4DFA-9BBA-3F4688E37CE8}.Debug|x64.ActiveCfg = Debug|x64
		{C81AC1BF-9051-4DFA-9BBA-3F4688E37CE8}.Debug|x64.Build.0 = Debug|x64
		{C81AC1BF-9051-4DFA-9BBA-3F4688E37CE8}.Debug|x86.ActiveCfg = Debug|Win32
		{C81AC1BF-9051-4DFA-9BBA-3F4688E37CE8}.Debug|x86.Build.0 = Debug|Win32
		{C81AC1BF-9051-4DFA-9BBA-3F4688E37CE8}.Release|x64.ActiveCfg = Release|x64
		{C81AC1BF-9051-4DFA-9BBA-3F4688E37CE8}.Release|x64.Build.0 = Release|x64
		{C81AC1BF-9051-4DFA-9BBA-3F4688E37CE8}.Release|x86.ActiveCfg = Release|Win32
		{C81AC1BF-9051-4DFA-9BBA-3F4688E37CE8}.Release|x86.Build.0 = Release|Win32
		{7C305917-AF89-434D-8B21-7A3D2EAD2B76}.Debug|x64.ActiveCfg = Debug|x64
		{7C305917-AF89-434D-8B21-7A3D2EAD2B76}.Debug|x64.Build.0 = Debug|x64
		{7C305917-AF89-434D-8B21-7A3D2EAD2B76}.Debug|x86.ActiveCfg = Debug|Win32
		{7C305917-AF89-434D-8B21-7A3D2EAD2B76}.Debug|x86.Build.0 = Debug|Win32
		{7C305917-AF89-434D-8B21-7A3D2EAD2B76}.Release|x64.ActiveCfg = Release|x64
		{7C305917-AF89-434D-8B21-7A3D2EAD2B76}.Release|x64.Build.0 = Release|x64
		{7C305917-AF89-434D-8B21-7A3D2EAD2B76}.Release|x86.ActiveCfg = Release|Win32
		{7C305917-AF89-434D-8B21-7A3D2EAD2B76}.Release|x86.Build.0 = Release|Win32
		{ED29EA7A-FCE3-4C8F-A9C4-EADAFAB449A8}.Debug|x64.ActiveCfg = Debug|x64
		{ED29EA7A-FCE3-4C8F-A9C4-EADAFAB449A8}.Debug|x64.Build.0 = Debug|x64
		{ED29EA7A-FCE3-4C8F-A9C4-EADAFAB449A8}.Debug|x86.ActiveCfg = Debug|Win32
		{ED29EA7A-FCE3-4C8F-A9C4-EADAFAB449A8}.Debug|x86.Build.0 = Debug|Win32
		{ED29EA7A-FCE3-4C8F-A9C4-EADAFAB449A8}.Release|x64.ActiveCfg = Release|x64
		{ED29EA7A-FCE3-4C8F-A9C4-EADAFAB449A8}.Release|x64.Build.0 = Release|x64
		{ED29EA7A-FCE3-4C8F-A9C4-EADAFAB449A8}.Release|x86.ActiveCfg = Release|Win32
		{ED29EA7A-FCE3-4C8F-A9C4-EADAFAB449A8}.Release|x86.Build.0 = Release|Win32
		{22AD494F-4878-4FB9-B20A-017E1614A89F}.Debug|x64.ActiveCfg = Debug|x64
		{22AD494F-4878-4FB9-B20A-017E1614A89F}.Debug|x64.Build.0 = Debug|x64
		{22AD494F-4878-4FB9-B20A-017E1614A89F}.Debug|x86.ActiveCfg = Debug|Win32
		{22AD494F-4878-4FB9-B20A-017E1614A89F}.Debug|x86.Build.0 = Debug|Win32
		{22AD494F-4878-4FB9-B20A-017E1614A89F}.Release|x64.ActiveCfg = Release|x64
		{22AD494F-4878-4FB9-B20A-017E1614A89F}.Release|x64.Build.0 = Release|x64
		{22AD494F-4878-4FB9-B20A-017E1614A89F}.Release|x86.ActiveCfg = Release|Win32
		{22AD494F-4878-4FB9-B20A-017E1614A89F}.Release|x86.Build.0 = Release|Win32
		{DF052C21-9701-44C6-83CB-F8657CB1B0D8}.Debug|x64.ActiveCfg = Debug|x64
		{DF052C21-9701-44C6-83CB-F8657CB1B0D8}.Debug|x64.Build.0 = Debug|x64
		{DF052C21-9701-44C6-83CB-F8657CB1B0D8}.Debug|x86.ActiveCfg = Debug|Win32
		{DF052C21-9701-44C6-83CB-F8657CB1B0D8}.Debug|x86.Build.0 = Debug|Win32
		{DF052C21-9701-44C6-83CB-F8657CB1B0D8}.Release|x64.ActiveCfg = Release|x64
		{DF052C21-9701-44C6-83CB-F8657CB1B0D8}.Release|x64.Build.0 = Release|x64
		{DF052C21-9701-44C6-83CB-F8657CB1B0D8}.Release|x86.ActiveCfg = Release|Win32
		{DF052C21-9701-44C6-83CB-F8657CB1B0D8}.Release|x86.Build.0 = Release|Win32
		{ECC6EA86-FEA4-4479-A801-D8E9D32B6E05}.Debug|x64.ActiveCfg = Debug|x64
		{ECC6EA86-FEA4-4479-A801-D8E9D32B6E05}.Debug|x64.Build.0 = Debug|x64
		{ECC6EA86-FEA4-4479-A801-D8E9D32B6E05}.Debug|x86.ActiveCfg = Debug|Win32
		{ECC6EA86-FEA4-4479-A801-D8E9D32B6E05}.Debug|x86.Build.0 = Debug|Win32
		{ECC6EA86-FEA4-4479-A801-D8E9D32B6E05}.Release|x64.ActiveCfg = Release|x64
		{ECC6EA86-FEA4-4479-A801-D8E9D32B6E05}.Release|x64.Build.0 = Release|x64
		{ECC6EA86-FEA4-4479-A801-D8E9D32B6E05}.Release|x86.ActiveCfg = Release|Win32
		{ECC6EA86-FEA4-4479-A801-D8E9D32B6E05}.Release|x86.Build.0 = Release|Win32
		{0D54FC8F-16FB-4364-8343-38830EF1E56D}.Debug|x64.ActiveCfg = Debug|x64
		{0D54FC8F-16FB-4364-8343-38830EF1E56D}.Debug|x64.Build.0 = Debug|x64
		{0D54FC8F-16FB-4364-8343-38830EF1E56D}.Debug|x86.ActiveCfg = Debug|Win32
		{0D54FC8F-16FB-4364-8343-38830EF1E56D}.Debug|x86.Build.0 = Debug|Win32
		{0D54FC8F-16FB-4364-8343-38830EF1E56D}.Release|x64.ActiveCfg = Release|x64
		{0D54FC8F-16FB-4364-8343-38830EF1E56D}.Release|x64.Build.0 = Release|x64
		{0D54FC8F-16FB-4364-8343-38830EF1E56D}.Release|x86.ActiveCfg = Release|Win32
		{0D54FC8F-16FB-4364-8343-38830EF1E56D}.Release|x86.Build.0 = Release|Win32
		{B645CB1B-D17B-4C50-B20F-BD8B4EFF25A7}.Debug|x64.ActiveCfg = Debug|x64
		{B645CB1B-D17B-4C50-B20F-BD8B4EFF25A7}.Debug|x64.Build.0 = Debug|x64
		{B645CB1B-D17B-4C50-B20F-BD8B4EFF25A7}.Debug|x86.ActiveCfg = Debug|Win32
		{B645CB1B-D17B-4C50-B20F-BD8B4EFF25A7}.Debug|x86.Build.0 = Debug|Win32
		{B645CB1B-D17B-4C50-B20F-BD8B4EFF25A7}.Release|x64.ActiveCfg = Release|x64
		{B645CB1B-D17B-4C50-B20F-BD8B4EFF25A7}.Release|x64.Build.0 = Release|x64
		{B645CB1B-D17B-4C50-B20F-BD8B4EFF25A7}.Release|x86.ActiveCfg = Release|Win32
		{B645CB1B-D17B-4C50-B20F-BD8B4EFF25A7}.Release|x86.Build.0 = Release|Win32
	EndGlobalSection
	GlobalSection(SolutionProperties) = preSolution
		HideSolutionNode = FALSE
	EndGlobalSection
	GlobalSection(ExtensibilityGlobals) = postSolution
		SolutionGuid = {1F56BCC2-1CCF-4000-B850-92BCC9DEA7FF}
	EndGlobalSection
EndGlobal
